{
  "name": "typescript-fsa-redux-observable-rxjs6",
  "version": "1.0.0",
  "lockfileVersion": 1,
  "requires": true,
  "dependencies": {
    "rxjs": {
      "version": "6.3.3",
      "resolved": "https://registry.npmjs.org/rxjs/-/rxjs-6.3.3.tgz",
      "integrity": "sha512-JTWmoY9tWCs7zvIk/CvRjhjGaOd+OVBM987mxFo+OW66cGpdKjZcpmc74ES1sB//7Kl/PAe8+wEakuhG4pcgOw==",
      "dev": true,
      "requires": {
        "tslib": "^1.9.0"
      }
    },
    "tslib": {
      "version": "1.9.3",
      "resolved": "https://registry.npmjs.org/tslib/-/tslib-1.9.3.tgz",
      "integrity": "sha512-4krF8scpejhaOgqzBEcGM7yDIEfi0/8+8zDRZhNZZ2kjmHJ4hv3zCbQWxoJGz1iw5U0Jl0nma13xzHXcncMavQ==",
      "dev": true
    },
    "typescript-fsa": {
      "version": "3.0.0-beta-2",
      "resolved": "https://registry.npmjs.org/typescript-fsa/-/typescript-fsa-3.0.0-beta-2.tgz",
      "integrity": "sha512-qXkHih2XAtpxqd3AEVgFtCDwvBlAMl2miVy1TmS+wXgiRlVw7orf2qIh3C8faANhD34n75Ui8x5ydQ40uzuskA==",
      "dev": true
    }
  }
}
